Microsoft Visual Studio Solution File, Format Version 12.00
# Visual Studio Version 17
VisualStudioVersion = 17.5.2.0
MinimumVisualStudioVersion = 10.0.40219.1
Project("{FAE04EC0-301F-11D3-BF4B-00C04F79EFBC}") = "BibliotecaConsole", "BibliotecaConsole\BibliotecaConsole.csproj", "{DC182379-3C2F-595F-13A6-FF0BA013DF24}"
EndProject
Global
	GlobalSection(SolutionConfigurationPlatforms) = preSolution
		Debug|Any CPU = Debug|Any CPU
		Release|Any CPU = Release|Any CPU
	EndGlobalSection
	GlobalSection(ProjectConfigurationPlatforms) = postSolution
		{DC182379-3C2F-595F-13A6-FF0BA013DF24}.Debug|Any CPU.ActiveCfg = Debug|Any CPU
		{DC182379-3C2F-595F-13A6-FF0BA013DF24}.Debug|Any CPU.Build.0 = Debug|Any CPU
		{DC182379-3C2F-595F-13A6-FF0BA013DF24}.Release|Any CPU.ActiveCfg = Release|Any CPU
		{DC182379-3C2F-595F-13A6-FF0BA013DF24}.Release|Any CPU.Build.0 = Release|Any CPU
	EndGlobalSection
	GlobalSection(SolutionProperties) = preSolution
		HideSolutionNode = FALSE
	EndGlobalSection
	GlobalSection(ExtensibilityGlobals) = postSolution
		SolutionGuid = {C60F61A7-D2FD-492E-82CA-DC6D68FFE2D3}
	EndGlobalSection
EndGlobal
